
Microsoft Visual Studio Solution File, Format Version 12.00
# Visual Studio Version 17
VisualStudioVersion = 17.5.33424.131
MinimumVisualStudioVersion = 10.0.40219.1
Project("{FAE04EC0-301F-11D3-BF4B-00C04F79EFBC}") = "Intro To Web Final_Project", "Intro To Web Final_Project\Intro To Web Final_Project.csproj", "{FCFE8A7D-A9F9-4F4A-8B8F-E12FBDE42FAA}"
EndProject
Global
	GlobalSection(SolutionConfigurationPlatforms) = preSolution
		Debug|Any CPU = Debug|Any CPU
		Release|Any CPU = Release|Any CPU
	EndGlobalSection
	GlobalSection(ProjectConfigurationPlatforms) = postSolution
		{FCFE8A7D-A9F9-4F4A-8B8F-E12FBDE42FAA}.Debug|Any CPU.ActiveCfg = Debug|Any CPU
		{FCFE8A7D-A9F9-4F4A-8B8F-E12FBDE42FAA}.Debug|Any CPU.Build.0 = Debug|Any CPU
		{FCFE8A7D-A9F9-4F4A-8B8F-E12FBDE42FAA}.Release|Any CPU.ActiveCfg = Release|Any CPU
		{FCFE8A7D-A9F9-4F4A-8B8F-E12FBDE42FAA}.Release|Any CPU.Build.0 = Release|Any CPU
	EndGlobalSection
	GlobalSection(SolutionProperties) = preSolution
		HideSolutionNode = FALSE
	EndGlobalSection
	GlobalSection(ExtensibilityGlobals) = postSolution
		SolutionGuid = {39205754-C856-468A-B9E6-2155AF1F80D1}
	EndGlobalSection
EndGlobal
